
Microsoft Visual Studio Solution File, Format Version 12.00
# Visual Studio 15
VisualStudioVersion = 15.0.28010.2048
MinimumVisualStudioVersion = 10.0.40219.1
Project("{FAE04EC0-301F-11D3-BF4B-00C04F79EFBC}") = "TaskManager", "TaskManager\TaskManager.csproj", "{AA400C02-6FA5-44FE-A29E-84A1084B5F81}"
EndProject
Global
	GlobalSection(SolutionConfigurationPlatforms) = preSolution
		Debug|Any CPU = Debug|Any CPU
		Release|Any CPU = Release|Any CPU
	EndGlobalSection
	GlobalSection(ProjectConfigurationPlatforms) = postSolution
		{AA400C02-6FA5-44FE-A29E-84A1084B5F81}.Debug|Any CPU.ActiveCfg = Debug|Any CPU
		{AA400C02-6FA5-44FE-A29E-84A1084B5F81}.Debug|Any CPU.Build.0 = Debug|Any CPU
		{AA400C02-6FA5-44FE-A29E-84A1084B5F81}.Release|Any CPU.ActiveCfg = Release|Any CPU
		{AA400C02-6FA5-44FE-A29E-84A1084B5F81}.Release|Any CPU.Build.0 = Release|Any CPU
	EndGlobalSection
	GlobalSection(SolutionProperties) = preSolution
		HideSolutionNode = FALSE
	EndGlobalSection
	GlobalSection(ExtensibilityGlobals) = postSolution
		SolutionGuid = {D943CB9E-49D6-470B-AAFD-733331C3E9E3}
	EndGlobalSection
EndGlobal
